
Microsoft Visual Studio Solution File, Format Version 12.00
# Visual Studio Version 16
VisualStudioVersion = 16.0.30114.105
MinimumVisualStudioVersion = 10.0.40219.1
Project("{FAE04EC0-301F-11D3-BF4B-00C04F79EFBC}") = "EXPLAINN", "EXPLAINN\EXPLAINN.csproj", "{1E59DC1F-C99E-4E29-BAC6-D3E9A43A5285}"
EndProject
Global
	GlobalSection(SolutionConfigurationPlatforms) = preSolution
		Debug|Any CPU = Debug|Any CPU
		Release|Any CPU = Release|Any CPU
	EndGlobalSection
	GlobalSection(ProjectConfigurationPlatforms) = postSolution
		{1E59DC1F-C99E-4E29-BAC6-D3E9A43A5285}.Debug|Any CPU.ActiveCfg = Debug|Any CPU
		{1E59DC1F-C99E-4E29-BAC6-D3E9A43A5285}.Debug|Any CPU.Build.0 = Debug|Any CPU
		{1E59DC1F-C99E-4E29-BAC6-D3E9A43A5285}.Release|Any CPU.ActiveCfg = Release|Any CPU
		{1E59DC1F-C99E-4E29-BAC6-D3E9A43A5285}.Release|Any CPU.Build.0 = Release|Any CPU
	EndGlobalSection
	GlobalSection(SolutionProperties) = preSolution
		HideSolutionNode = FALSE
	EndGlobalSection
	GlobalSection(ExtensibilityGlobals) = postSolution
		SolutionGuid = {D2D78400-45A8-461D-949F-3634C783BDF9}
	EndGlobalSection
EndGlobal
